<?xml version="1.0" encoding="utf-8"?>
<Project ToolsVersion="4.0" xmlns="http://schemas.microsoft.com/developer/msbuild/2003">
  <ItemGroup>
    <Filter Include="源文件">
      <UniqueIdentifier>{4FC737F1-C7A5-4376-A066-2A32D752A2FF}</UniqueIdentifier>
      <Extensions>cpp;c;cc;cxx;def;odl;idl;hpj;bat;asm;asmx</Extensions>
    </Filter>
    <Filter Include="头文件">
      <UniqueIdentifier>{93995380-89BD-4b04-88EB-625FBE52EBFB}</UniqueIdentifier>
      <Extensions>h;hh;hpp;hxx;hm;inl;inc;xsd</Extensions>
    </Filter>
    <Filter Include="资源文件">
      <UniqueIdentifier>{67DA6AB6-F800-4c08-8B7A-83BB121AAD01}</UniqueIdentifier>
      <Extensions>rc;ico;cur;bmp;dlg;rc2;rct;bin;rgs;gif;jpg;jpeg;jpe;resx;tiff;tif;png;wav;mfcribbon-ms</Extensions>
    </Filter>
  </ItemGroup>
  <ItemGroup>
    <Text Include="ReadMe.txt" />
  </ItemGroup>
  <ItemGroup>
    <ClInclude Include="stdafx.h">
      <Filter>头文件</Filter>
    </ClInclude>
    <ClInclude Include="targetver.h">
      <Filter>头文件</Filter>
    </ClInclude>
    <ClInclude Include="Resource.h">
      <Filter>头文件</Filter>
    </ClInclude>
    <ClInclude Include="OpenGLDemo2_RenderWithGLFW.h">
      <Filter>头文件</Filter>
    </ClInclude>
    <ClInclude Include="SWindowBase.h">
      <Filter>头文件</Filter>
    </ClInclude>
    <ClInclude Include="SWindowManager.h">
      <Filter>头文件</Filter>
    </ClInclude>
    <ClInclude Include="SMainWnd.h">
      <Filter>头文件</Filter>
    </ClInclude>
    <ClInclude Include="SD3D11Renderer.h">
      <Filter>头文件</Filter>
    </ClInclude>
    <ClInclude Include="SOpenGLRenderer.h">
      <Filter>头文件</Filter>
    </ClInclude>
    <ClInclude Include="IRendererBase.h">
      <Filter>头文件</Filter>
    </ClInclude>
  </ItemGroup>
  <ItemGroup>
    <ClCompile Include="stdafx.cpp">
      <Filter>源文件</Filter>
    </ClCompile>
    <ClCompile Include="OpenGLDemo2_RenderWithGLFW.cpp">
      <Filter>源文件</Filter>
    </ClCompile>
    <ClCompile Include="SWindowBase.cpp">
      <Filter>源文件</Filter>
    </ClCompile>
    <ClCompile Include="SWindowManager.cpp">
      <Filter>源文件</Filter>
    </ClCompile>
    <ClCompile Include="SMainWnd.cpp">
      <Filter>源文件</Filter>
    </ClCompile>
    <ClCompile Include="SD3D11Renderer.cpp">
      <Filter>源文件</Filter>
    </ClCompile>
    <ClCompile Include="SOpenGLRenderer.cpp">
      <Filter>源文件</Filter>
    </ClCompile>
    <ClCompile Include="IRendererBase.cpp">
      <Filter>源文件</Filter>
    </ClCompile>
  </ItemGroup>
  <ItemGroup>
    <ResourceCompile Include="OpenGLDemo2_RenderWithGLFW.rc">
      <Filter>资源文件</Filter>
    </ResourceCompile>
  </ItemGroup>
  <ItemGroup>
    <Image Include="small.ico">
      <Filter>资源文件</Filter>
    </Image>
    <Image Include="OpenGLDemo2_RenderWithGLFW.ico">
      <Filter>资源文件</Filter>
    </Image>
  </ItemGroup>
</Project>